
Microsoft Visual Studio Solution File, Format Version 12.00
# Visual Studio Version 17
VisualStudioVersion = 17.13.35605.110
MinimumVisualStudioVersion = 10.0.40219.1
Project("{FAE04EC0-301F-11D3-BF4B-00C04F79EFBC}") = "IMEPAYMAUI", "IMEPAYMAUI.csproj", "{2556D01F-6E90-AED5-7832-F0A86D367DB5}"
EndProject
Global
	GlobalSection(SolutionConfigurationPlatforms) = preSolution
		Debug|Any CPU = Debug|Any CPU
		Release|Any CPU = Release|Any CPU
	EndGlobalSection
	GlobalSection(ProjectConfigurationPlatforms) = postSolution
		{2556D01F-6E90-AED5-7832-F0A86D367DB5}.Debug|Any CPU.ActiveCfg = Debug|Any CPU
		{2556D01F-6E90-AED5-7832-F0A86D367DB5}.Debug|Any CPU.Build.0 = Debug|Any CPU
		{2556D01F-6E90-AED5-7832-F0A86D367DB5}.Debug|Any CPU.Deploy.0 = Debug|Any CPU
		{2556D01F-6E90-AED5-7832-F0A86D367DB5}.Release|Any CPU.ActiveCfg = Release|Any CPU
		{2556D01F-6E90-AED5-7832-F0A86D367DB5}.Release|Any CPU.Build.0 = Release|Any CPU
	EndGlobalSection
	GlobalSection(SolutionProperties) = preSolution
		HideSolutionNode = FALSE
	EndGlobalSection
	GlobalSection(ExtensibilityGlobals) = postSolution
		SolutionGuid = {F7AF94E7-852E-4121-9F2D-4D3D080F4DE9}
	EndGlobalSection
EndGlobal
